
Microsoft Visual Studio Solution File, Format Version 12.00
# Visual Studio Version 17
VisualStudioVersion = 17.5.33530.505
MinimumVisualStudioVersion = 10.0.40219.1
Project("{9A19103F-16F7-4668-BE54-9A1E7A4F7556}") = "Gimpo.Data.Primitives", "src\Gimpo.Data.Primitives\Gimpo.Data.Primitives.csproj", "{DE10EBB4-A4D4-498D-96C5-C59777D43F2C}"
EndProject
Project("{9A19103F-16F7-4668-BE54-9A1E7A4F7556}") = "Gimpo.Data.Primitives.Tests", "tests\Gimpo.Data.Primitives.Tests\Gimpo.Data.Primitives.Tests.csproj", "{347F94B7-ABB3-48AA-B445-77B484AB1441}"
EndProject
Project("{9A19103F-16F7-4668-BE54-9A1E7A4F7556}") = "Gimpo.Data.Primitives.PerformanceTests", "tests\Gimpo.Data.Primitives.PerformanceTests\Gimpo.Data.Primitives.PerformanceTests.csproj", "{771C1394-268F-45E8-B979-28E8903B34CB}"
EndProject
Project("{2150E333-8FDC-42A3-9474-1A3956D46DE8}") = "src", "src", "{EBF1A636-4619-4AA5-B72B-97EAD8C9534C}"
EndProject
Project("{2150E333-8FDC-42A3-9474-1A3956D46DE8}") = "tests", "tests", "{81D5EAE3-6472-4E43-9539-5F537118DB9B}"
EndProject
Project("{9A19103F-16F7-4668-BE54-9A1E7A4F7556}") = "Gimpo.Data.Analysis.DataFrame", "src\Gimpo.Data.Analysis.DataFrame\Gimpo.Data.Analysis.DataFrame.csproj", "{FD6E58AD-C7AA-407D-8240-51432F393652}"
EndProject
Project("{2150E333-8FDC-42A3-9474-1A3956D46DE8}") = "Integration", "Integration", "{A547A8CF-6B57-4596-8403-D76BF6B22CBB}"
EndProject
Project("{9A19103F-16F7-4668-BE54-9A1E7A4F7556}") = "Gimpo.Data.Anaysis.DataFrame.Tests", "tests\Gimpo.Data.Anaysis.DataFrame.Tests\Gimpo.Data.Anaysis.DataFrame.Tests.csproj", "{A1DC94D1-01A6-4AFB-B3D4-D547038F55B6}"
EndProject
Project("{2150E333-8FDC-42A3-9474-1A3956D46DE8}") = "samples", "samples", "{954505CF-DF97-4330-9C03-9D92C702A2F4}"
EndProject
Global
	GlobalSection(SolutionConfigurationPlatforms) = preSolution
		Debug|Any CPU = Debug|Any CPU
		Release|Any CPU = Release|Any CPU
	EndGlobalSection
	GlobalSection(ProjectConfigurationPlatforms) = postSolution
		{DE10EBB4-A4D4-498D-96C5-C59777D43F2C}.Debug|Any CPU.ActiveCfg = Debug|Any CPU
		{DE10EBB4-A4D4-498D-96C5-C59777D43F2C}.Debug|Any CPU.Build.0 = Debug|Any CPU
		{DE10EBB4-A4D4-498D-96C5-C59777D43F2C}.Release|Any CPU.ActiveCfg = Release|Any CPU
		{DE10EBB4-A4D4-498D-96C5-C59777D43F2C}.Release|Any CPU.Build.0 = Release|Any CPU
		{347F94B7-ABB3-48AA-B445-77B484AB1441}.Debug|Any CPU.ActiveCfg = Debug|Any CPU
		{347F94B7-ABB3-48AA-B445-77B484AB1441}.Debug|Any CPU.Build.0 = Debug|Any CPU
		{347F94B7-ABB3-48AA-B445-77B484AB1441}.Release|Any CPU.ActiveCfg = Release|Any CPU
		{347F94B7-ABB3-48AA-B445-77B484AB1441}.Release|Any CPU.Build.0 = Release|Any CPU
		{771C1394-268F-45E8-B979-28E8903B34CB}.Debug|Any CPU.ActiveCfg = Debug|Any CPU
		{771C1394-268F-45E8-B979-28E8903B34CB}.Debug|Any CPU.Build.0 = Debug|Any CPU
		{771C1394-268F-45E8-B979-28E8903B34CB}.Release|Any CPU.ActiveCfg = Release|Any CPU
		{771C1394-268F-45E8-B979-28E8903B34CB}.Release|Any CPU.Build.0 = Release|Any CPU
		{FD6E58AD-C7AA-407D-8240-51432F393652}.Debug|Any CPU.ActiveCfg = Debug|Any CPU
		{FD6E58AD-C7AA-407D-8240-51432F393652}.Debug|Any CPU.Build.0 = Debug|Any CPU
		{FD6E58AD-C7AA-407D-8240-51432F393652}.Release|Any CPU.ActiveCfg = Release|Any CPU
		{FD6E58AD-C7AA-407D-8240-51432F393652}.Release|Any CPU.Build.0 = Release|Any CPU
		{A1DC94D1-01A6-4AFB-B3D4-D547038F55B6}.Debug|Any CPU.ActiveCfg = Debug|Any CPU
		{A1DC94D1-01A6-4AFB-B3D4-D547038F55B6}.Debug|Any CPU.Build.0 = Debug|Any CPU
		{A1DC94D1-01A6-4AFB-B3D4-D547038F55B6}.Release|Any CPU.ActiveCfg = Release|Any CPU
		{A1DC94D1-01A6-4AFB-B3D4-D547038F55B6}.Release|Any CPU.Build.0 = Release|Any CPU
	EndGlobalSection
	GlobalSection(SolutionProperties) = preSolution
		HideSolutionNode = FALSE
	EndGlobalSection
	GlobalSection(NestedProjects) = preSolution
		{DE10EBB4-A4D4-498D-96C5-C59777D43F2C} = {EBF1A636-4619-4AA5-B72B-97EAD8C9534C}
		{347F94B7-ABB3-48AA-B445-77B484AB1441} = {81D5EAE3-6472-4E43-9539-5F537118DB9B}
		{771C1394-268F-45E8-B979-28E8903B34CB} = {81D5EAE3-6472-4E43-9539-5F537118DB9B}
		{FD6E58AD-C7AA-407D-8240-51432F393652} = {EBF1A636-4619-4AA5-B72B-97EAD8C9534C}
		{A547A8CF-6B57-4596-8403-D76BF6B22CBB} = {EBF1A636-4619-4AA5-B72B-97EAD8C9534C}
		{A1DC94D1-01A6-4AFB-B3D4-D547038F55B6} = {81D5EAE3-6472-4E43-9539-5F537118DB9B}
	EndGlobalSection
	GlobalSection(ExtensibilityGlobals) = postSolution
		SolutionGuid = {0278F31F-14AE-4107-B4F6-C2032E7CA243}
	EndGlobalSection
EndGlobal
